
Microsoft Visual Studio Solution File, Format Version 12.00
# Visual Studio Version 16
VisualStudioVersion = 16.0.31702.278
MinimumVisualStudioVersion = 10.0.40219.1
Project("{FAE04EC0-301F-11D3-BF4B-00C04F79EFBC}") = "Weapon Task111", "Weapon Task111\Weapon Task111.csproj", "{BE2468D8-DB2A-4F92-B551-5E8C6B8FA2EE}"
EndProject
Global
	GlobalSection(SolutionConfigurationPlatforms) = preSolution
		Debug|Any CPU = Debug|Any CPU
		Release|Any CPU = Release|Any CPU
	EndGlobalSection
	GlobalSection(ProjectConfigurationPlatforms) = postSolution
		{BE2468D8-DB2A-4F92-B551-5E8C6B8FA2EE}.Debug|Any CPU.ActiveCfg = Debug|Any CPU
		{BE2468D8-DB2A-4F92-B551-5E8C6B8FA2EE}.Debug|Any CPU.Build.0 = Debug|Any CPU
		{BE2468D8-DB2A-4F92-B551-5E8C6B8FA2EE}.Release|Any CPU.ActiveCfg = Release|Any CPU
		{BE2468D8-DB2A-4F92-B551-5E8C6B8FA2EE}.Release|Any CPU.Build.0 = Release|Any CPU
	EndGlobalSection
	GlobalSection(SolutionProperties) = preSolution
		HideSolutionNode = FALSE
	EndGlobalSection
	GlobalSection(ExtensibilityGlobals) = postSolution
		SolutionGuid = {E908DC94-808B-4A64-BAE8-924623694AD9}
	EndGlobalSection
EndGlobal
